
Microsoft Visual Studio Solution File, Format Version 12.00
# Visual Studio Version 17
VisualStudioVersion = 17.4.33403.182
MinimumVisualStudioVersion = 10.0.40219.1
Project("{FAE04EC0-301F-11D3-BF4B-00C04F79EFBC}") = "EcommerceWeb", "EcommerceWeb\EcommerceWeb.csproj", "{E9F8B480-0604-4E3C-8ED8-FA4331B6B380}"
EndProject
Global
	GlobalSection(SolutionConfigurationPlatforms) = preSolution
		Debug|Any CPU = Debug|Any CPU
		Release|Any CPU = Release|Any CPU
	EndGlobalSection
	GlobalSection(ProjectConfigurationPlatforms) = postSolution
		{E9F8B480-0604-4E3C-8ED8-FA4331B6B380}.Debug|Any CPU.ActiveCfg = Debug|Any CPU
		{E9F8B480-0604-4E3C-8ED8-FA4331B6B380}.Debug|Any CPU.Build.0 = Debug|Any CPU
		{E9F8B480-0604-4E3C-8ED8-FA4331B6B380}.Release|Any CPU.ActiveCfg = Release|Any CPU
		{E9F8B480-0604-4E3C-8ED8-FA4331B6B380}.Release|Any CPU.Build.0 = Release|Any CPU
	EndGlobalSection
	GlobalSection(SolutionProperties) = preSolution
		HideSolutionNode = FALSE
	EndGlobalSection
	GlobalSection(ExtensibilityGlobals) = postSolution
		SolutionGuid = {D1F4906F-80F2-48A5-A372-FBC3F9A371EB}
	EndGlobalSection
EndGlobal
